{
    "_meta": {
        "hash": {
            "sha256": "64a6a6b90146d618a8d292543054807c776eb46d030d135d1d10ab2fc83db6dc"
        },
        "pipfile-spec": 6,
        "requires": {
            "python_version": "3.7"
        },
        "sources": [
            {
                "name": "pypi",
                "url": "https://pypi.org/simple",
                "verify_ssl": true
            }
        ]
    },
    "default": {
        "pudb": {
            "hashes": [
                "sha256:e8f0ea01b134d802872184b05bffc82af29a1eb2f9374a277434b932d68f58dc"
            ],
            "index": "pypi",
            "version": "==2019.2"
        },
        "pygments": {
            "hashes": [
                "sha256:647344a061c249a3b74e230c739f434d7ea4d8b1d5f3721bc0f3558049b38f44",
                "sha256:ff7a40b4860b727ab48fad6360eb351cc1b33cbf9b15a0f689ca5353e9463324"
            ],
            "version": "==2.6.1"
        },
        "urwid": {
            "hashes": [
                "sha256:7870866e35b00b71b0c9ccdd1281c8e7fac3806d60b9c1075c95dd5dad88d526"
            ],
            "version": "==2.1.1"
        }
    },
    "develop": {}
}
